PODS:
  - boost-for-react-native (1.63.0)
  - BVLinearGradient (2.5.6):
    - React
  - DoubleConversion (1.1.6)
  - FBLazyVector (0.65.1)
  - FBReactNativeSpec (0.65.1):
    - RCT-Folly (= 2021.04.26.00)
    - RCTRequired (= 0.65.1)
    - RCTTypeSafety (= 0.65.1)
    - React-Core (= 0.65.1)
    - React-jsi (= 0.65.1)
    - ReactCommon/turbomodule/core (= 0.65.1)
  - Firebase/CoreOnly (6.34.0):
    - FirebaseCore (= 6.10.4)
  - Firebase/MLVision (6.34.0):
    - Firebase/CoreOnly
    - FirebaseMLVision (~> 0.21.0)
  - Firebase/MLVisionFaceModel (6.34.0):
    - Firebase/CoreOnly
    - FirebaseMLVisionFaceModel (~> 0.21.0)
  - FirebaseCore (6.10.4):
    - FirebaseCoreDiagnostics (~> 1.6)
    - GoogleUtilities/Environment (~> 6.7)
    - GoogleUtilities/Logger (~> 6.7)
  - FirebaseCoreDiagnostics (1.7.0):
    - GoogleDataTransport (~> 7.4)
    - GoogleUtilities/Environment (~> 6.7)
    - GoogleUtilities/Logger (~> 6.7)
    - nanopb (~> 1.30906.0)
  - FirebaseInstallations (1.7.0):
    - FirebaseCore (~> 6.10)
    - GoogleUtilities/Environment (~> 6.7)
    - GoogleUtilities/UserDefaults (~> 6.7)
    - PromisesObjC (~> 1.2)
  - FirebaseMLCommon (0.21.0):
    - FirebaseCore (~> 6.9)
    - FirebaseInstallations (~> 1.5)
    - GoogleToolboxForMac/Logger (~> 2.1)
    - "GoogleToolboxForMac/NSData+zlib (~> 2.1)"
    - "GoogleToolboxForMac/NSDictionary+URLArguments (~> 2.1)"
    - GoogleUtilities/UserDefaults (~> 6.0)
    - GTMSessionFetcher/Core (~> 1.1)
    - Protobuf (~> 3.12)
  - FirebaseMLVision (0.21.0):
    - FirebaseCore (~> 6.9)
    - FirebaseMLCommon (~> 0.21)
    - GoogleAPIClientForREST/Core (~> 1.3)
    - GoogleAPIClientForREST/Vision (~> 1.3)
    - GoogleToolboxForMac/Logger (~> 2.1)
    - "GoogleToolboxForMac/NSData+zlib (~> 2.1)"
    - GTMSessionFetcher/Core (~> 1.1)
    - Protobuf (~> 3.12)
  - FirebaseMLVisionFaceModel (0.21.0):
    - FirebaseMLVision (~> 0.21)
  - fmt (6.2.1)
  - glog (0.3.4)
  - Google-Maps-iOS-Utils (2.1.0):
    - Google-Maps-iOS-Utils/Clustering (= 2.1.0)
    - Google-Maps-iOS-Utils/Geometry (= 2.1.0)
    - Google-Maps-iOS-Utils/Heatmap (= 2.1.0)
    - Google-Maps-iOS-Utils/QuadTree (= 2.1.0)
    - GoogleMaps
  - Google-Maps-iOS-Utils/Clustering (2.1.0):
    - Google-Maps-iOS-Utils/QuadTree
    - GoogleMaps
  - Google-Maps-iOS-Utils/Geometry (2.1.0):
    - GoogleMaps
  - Google-Maps-iOS-Utils/Heatmap (2.1.0):
    - Google-Maps-iOS-Utils/QuadTree
    - GoogleMaps
  - Google-Maps-iOS-Utils/QuadTree (2.1.0):
    - GoogleMaps
  - GoogleAPIClientForREST/Core (1.6.0):
    - GTMSessionFetcher (>= 1.6.1)
  - GoogleAPIClientForREST/Vision (1.6.0):
    - GoogleAPIClientForREST/Core
    - GTMSessionFetcher (>= 1.6.1)
  - GoogleDataTransport (7.5.1):
    - nanopb (~> 1.30906.0)
  - GoogleMaps (3.5.0):
    - GoogleMaps/Maps (= 3.5.0)
  - GoogleMaps/Base (3.5.0)
  - GoogleMaps/Maps (3.5.0):
    - GoogleMaps/Base
  - GoogleToolboxForMac/DebugUtils (2.3.2):
    - GoogleToolboxForMac/Defines (= 2.3.2)
  - GoogleToolboxForMac/Defines (2.3.2)
  - GoogleToolboxForMac/Logger (2.3.2):
    - GoogleToolboxForMac/Defines (= 2.3.2)
  - "GoogleToolboxForMac/NSData+zlib (2.3.2)":
    - GoogleToolboxForMac/Defines (= 2.3.2)
  - "GoogleToolboxForMac/NSDictionary+URLArguments (2.3.2)":
    - GoogleToolboxForMac/DebugUtils (= 2.3.2)
    - GoogleToolboxForMac/Defines (= 2.3.2)
    - "GoogleToolboxForMac/NSString+URLArguments (= 2.3.2)"
  - "GoogleToolboxForMac/NSString+URLArguments (2.3.2)"
  - GoogleUtilities/Environment (6.7.2):
    - PromisesObjC (~> 1.2)
  - GoogleUtilities/Logger (6.7.2):
    - GoogleUtilities/Environment
  - GoogleUtilities/UserDefaults (6.7.2):
    - GoogleUtilities/Logger
  - GTMSessionFetcher (1.7.0):
    - GTMSessionFetcher/Full (= 1.7.0)
  - GTMSessionFetcher/Core (1.7.0)
  - GTMSessionFetcher/Full (1.7.0):
    - GTMSessionFetcher/Core (= 1.7.0)
  - nanopb (1.30906.0):
    - nanopb/decode (= 1.30906.0)
    - nanopb/encode (= 1.30906.0)
  - nanopb/decode (1.30906.0)
  - nanopb/encode (1.30906.0)
  - Permission-Camera (2.2.2):
    - RNPermissions
  - Permission-LocationAlways (2.2.2):
    - RNPermissions
  - Permission-LocationWhenInUse (2.2.2):
    - RNPermissions
  - PromisesObjC (1.2.12)
  - Protobuf (3.17.0)
  - RCT-Folly (2021.04.26.00):
    - boost-for-react-native
    - DoubleConversion
    - fmt (~> 6.2.1)
    - glog
    - RCT-Folly/Default (= 2021.04.26.00)
  - RCT-Folly/Default (2021.04.26.00):
    - boost-for-react-native
    - DoubleConversion
    - fmt (~> 6.2.1)
    - glog
  - RCTRequired (0.65.1)
  - RCTTypeSafety (0.65.1):
    - FBLazyVector (= 0.65.1)
    - RCT-Folly (= 2021.04.26.00)
    - RCTRequired (= 0.65.1)
    - React-Core (= 0.65.1)
  - React (0.65.1):
    - React-Core (= 0.65.1)
    - React-Core/DevSupport (= 0.65.1)
    - React-Core/RCTWebSocket (= 0.65.1)
    - React-RCTActionSheet (= 0.65.1)
    - React-RCTAnimation (= 0.65.1)
    - React-RCTBlob (= 0.65.1)
    - React-RCTImage (= 0.65.1)
    - React-RCTLinking (= 0.65.1)
    - React-RCTNetwork (= 0.65.1)
    - React-RCTSettings (= 0.65.1)
    - React-RCTText (= 0.65.1)
    - React-RCTVibration (= 0.65.1)
  - React-callinvoker (0.65.1)
  - React-Core (0.65.1):
    - glog
    - RCT-Folly (= 2021.04.26.00)
    - React-Core/Default (= 0.65.1)
    - React-cxxreact (= 0.65.1)
    - React-jsi (= 0.65.1)
    - React-jsiexecutor (= 0.65.1)
    - React-perflogger (= 0.65.1)
    - Yoga
  - React-Core/CoreModulesHeaders (0.65.1):
    - glog
    - RCT-Folly (= 2021.04.26.00)
    - React-Core/Default
    - React-cxxreact (= 0.65.1)
    - React-jsi (= 0.65.1)
    - React-jsiexecutor (= 0.65.1)
    - React-perflogger (= 0.65.1)
    - Yoga
  - React-Core/Default (0.65.1):
    - glog
    - RCT-Folly (= 2021.04.26.00)
    - React-cxxreact (= 0.65.1)
    - React-jsi (= 0.65.1)
    - React-jsiexecutor (= 0.65.1)
    - React-perflogger (= 0.65.1)
    - Yoga
  - React-Core/DevSupport (0.65.1):
    - glog
    - RCT-Folly (= 2021.04.26.00)
    - React-Core/Default (= 0.65.1)
    - React-Core/RCTWebSocket (= 0.65.1)
    - React-cxxreact (= 0.65.1)
    - React-jsi (= 0.65.1)
    - React-jsiexecutor (= 0.65.1)
    - React-jsinspector (= 0.65.1)
    - React-perflogger (= 0.65.1)
    - Yoga
  - React-Core/RCTActionSheetHeaders (0.65.1):
    - glog
    - RCT-Folly (= 2021.04.26.00)
    - React-Core/Default
    - React-cxxreact (= 0.65.1)
    - React-jsi (= 0.65.1)
    - React-jsiexecutor (= 0.65.1)
    - React-perflogger (= 0.65.1)
    - Yoga
  - React-Core/RCTAnimationHeaders (0.65.1):
    - glog
    - RCT-Folly (= 2021.04.26.00)
    - React-Core/Default
    - React-cxxreact (= 0.65.1)
    - React-jsi (= 0.65.1)
    - React-jsiexecutor (= 0.65.1)
    - React-perflogger (= 0.65.1)
    - Yoga
  - React-Core/RCTBlobHeaders (0.65.1):
    - glog
    - RCT-Folly (= 2021.04.26.00)
    - React-Core/Default
    - React-cxxreact (= 0.65.1)
    - React-jsi (= 0.65.1)
    - React-jsiexecutor (= 0.65.1)
    - React-perflogger (= 0.65.1)
    - Yoga
  - React-Core/RCTImageHeaders (0.65.1):
    - glog
    - RCT-Folly (= 2021.04.26.00)
    - React-Core/Default
    - React-cxxreact (= 0.65.1)
    - React-jsi (= 0.65.1)
    - React-jsiexecutor (= 0.65.1)
    - React-perflogger (= 0.65.1)
    - Yoga
  - React-Core/RCTLinkingHeaders (0.65.1):
    - glog
    - RCT-Folly (= 2021.04.26.00)
    - React-Core/Default
    - React-cxxreact (= 0.65.1)
    - React-jsi (= 0.65.1)
    - React-jsiexecutor (= 0.65.1)
    - React-perflogger (= 0.65.1)
    - Yoga
  - React-Core/RCTNetworkHeaders (0.65.1):
    - glog
    - RCT-Folly (= 2021.04.26.00)
    - React-Core/Default
    - React-cxxreact (= 0.65.1)
    - React-jsi (= 0.65.1)
    - React-jsiexecutor (= 0.65.1)
    - React-perflogger (= 0.65.1)
    - Yoga
  - React-Core/RCTSettingsHeaders (0.65.1):
    - glog
    - RCT-Folly (= 2021.04.26.00)
    - React-Core/Default
    - React-cxxreact (= 0.65.1)
    - React-jsi (= 0.65.1)
    - React-jsiexecutor (= 0.65.1)
    - React-perflogger (= 0.65.1)
    - Yoga
  - React-Core/RCTTextHeaders (0.65.1):
    - glog
    - RCT-Folly (= 2021.04.26.00)
    - React-Core/Default
    - React-cxxreact (= 0.65.1)
    - React-jsi (= 0.65.1)
    - React-jsiexecutor (= 0.65.1)
    - React-perflogger (= 0.65.1)
    - Yoga
  - React-Core/RCTVibrationHeaders (0.65.1):
    - glog
    - RCT-Folly (= 2021.04.26.00)
    - React-Core/Default
    - React-cxxreact (= 0.65.1)
    - React-jsi (= 0.65.1)
    - React-jsiexecutor (= 0.65.1)
    - React-perflogger (= 0.65.1)
    - Yoga
  - React-Core/RCTWebSocket (0.65.1):
    - glog
    - RCT-Folly (= 2021.04.26.00)
    - React-Core/Default (= 0.65.1)
    - React-cxxreact (= 0.65.1)
    - React-jsi (= 0.65.1)
    - React-jsiexecutor (= 0.65.1)
    - React-perflogger (= 0.65.1)
    - Yoga
  - React-CoreModules (0.65.1):
    - FBReactNativeSpec (= 0.65.1)
    - RCT-Folly (= 2021.04.26.00)
    - RCTTypeSafety (= 0.65.1)
    - React-Core/CoreModulesHeaders (= 0.65.1)
    - React-jsi (= 0.65.1)
    - React-RCTImage (= 0.65.1)
    - ReactCommon/turbomodule/core (= 0.65.1)
  - React-cxxreact (0.65.1):
    - boost-for-react-native (= 1.63.0)
    - DoubleConversion
    - glog
    - RCT-Folly (= 2021.04.26.00)
    - React-callinvoker (= 0.65.1)
    - React-jsi (= 0.65.1)
    - React-jsinspector (= 0.65.1)
    - React-perflogger (= 0.65.1)
    - React-runtimeexecutor (= 0.65.1)
  - React-jsi (0.65.1):
    - boost-for-react-native (= 1.63.0)
    - DoubleConversion
    - glog
    - RCT-Folly (= 2021.04.26.00)
    - React-jsi/Default (= 0.65.1)
  - React-jsi/Default (0.65.1):
    - boost-for-react-native (= 1.63.0)
    - DoubleConversion
    - glog
    - RCT-Folly (= 2021.04.26.00)
  - React-jsiexecutor (0.65.1):
    - DoubleConversion
    - glog
    - RCT-Folly (= 2021.04.26.00)
    - React-cxxreact (= 0.65.1)
    - React-jsi (= 0.65.1)
    - React-perflogger (= 0.65.1)
  - React-jsinspector (0.65.1)
  - react-native-background-timer (2.4.1):
    - React-Core
  - react-native-camera/FaceDetectorMLKit (3.40.0):
    - Firebase/MLVision
    - Firebase/MLVisionFaceModel
    - React-Core
    - react-native-camera/RCT
    - react-native-camera/RN
  - react-native-camera/RCT (3.40.0):
    - React-Core
  - react-native-camera/RN (3.40.0):
    - React-Core
  - react-native-geolocation-service (5.3.0-beta.2):
    - React
  - react-native-google-maps (0.27.1):
    - Google-Maps-iOS-Utils (= 2.1.0)
    - GoogleMaps (= 3.5.0)
    - React
  - react-native-maps (0.27.1):
    - React
  - react-native-netinfo (5.9.7):
    - React-Core
  - react-native-safe-area-context (3.1.8):
    - React-Core
  - react-native-simple-toast (1.1.3):
    - React-Core
    - Toast (~> 4.0.0)
  - react-native-uuid-generator (6.1.1):
    - React
  - React-perflogger (0.65.1)
  - React-RCTActionSheet (0.65.1):
    - React-Core/RCTActionSheetHeaders (= 0.65.1)
  - React-RCTAnimation (0.65.1):
    - FBReactNativeSpec (= 0.65.1)
    - RCT-Folly (= 2021.04.26.00)
    - RCTTypeSafety (= 0.65.1)
    - React-Core/RCTAnimationHeaders (= 0.65.1)
    - React-jsi (= 0.65.1)
    - ReactCommon/turbomodule/core (= 0.65.1)
  - React-RCTBlob (0.65.1):
    - FBReactNativeSpec (= 0.65.1)
    - RCT-Folly (= 2021.04.26.00)
    - React-Core/RCTBlobHeaders (= 0.65.1)
    - React-Core/RCTWebSocket (= 0.65.1)
    - React-jsi (= 0.65.1)
    - React-RCTNetwork (= 0.65.1)
    - ReactCommon/turbomodule/core (= 0.65.1)
  - React-RCTImage (0.65.1):
    - FBReactNativeSpec (= 0.65.1)
    - RCT-Folly (= 2021.04.26.00)
    - RCTTypeSafety (= 0.65.1)
    - React-Core/RCTImageHeaders (= 0.65.1)
    - React-jsi (= 0.65.1)
    - React-RCTNetwork (= 0.65.1)
    - ReactCommon/turbomodule/core (= 0.65.1)
  - React-RCTLinking (0.65.1):
    - FBReactNativeSpec (= 0.65.1)
    - React-Core/RCTLinkingHeaders (= 0.65.1)
    - React-jsi (= 0.65.1)
    - ReactCommon/turbomodule/core (= 0.65.1)
  - React-RCTNetwork (0.65.1):
    - FBReactNativeSpec (= 0.65.1)
    - RCT-Folly (= 2021.04.26.00)
    - RCTTypeSafety (= 0.65.1)
    - React-Core/RCTNetworkHeaders (= 0.65.1)
    - React-jsi (= 0.65.1)
    - ReactCommon/turbomodule/core (= 0.65.1)
  - React-RCTSettings (0.65.1):
    - FBReactNativeSpec (= 0.65.1)
    - RCT-Folly (= 2021.04.26.00)
    - RCTTypeSafety (= 0.65.1)
    - React-Core/RCTSettingsHeaders (= 0.65.1)
    - React-jsi (= 0.65.1)
    - ReactCommon/turbomodule/core (= 0.65.1)
  - React-RCTText (0.65.1):
    - React-Core/RCTTextHeaders (= 0.65.1)
  - React-RCTVibration (0.65.1):
    - FBReactNativeSpec (= 0.65.1)
    - RCT-Folly (= 2021.04.26.00)
    - React-Core/RCTVibrationHeaders (= 0.65.1)
    - React-jsi (= 0.65.1)
    - ReactCommon/turbomodule/core (= 0.65.1)
  - React-runtimeexecutor (0.65.1):
    - React-jsi (= 0.65.1)
  - ReactCommon/turbomodule/core (0.65.1):
    - DoubleConversion
    - glog
    - RCT-Folly (= 2021.04.26.00)
    - React-callinvoker (= 0.65.1)
    - React-Core (= 0.65.1)
    - React-cxxreact (= 0.65.1)
    - React-jsi (= 0.65.1)
    - React-perflogger (= 0.65.1)
  - ReactNativeExceptionHandler (2.10.8):
    - React
  - rn-fetch-blob (0.12.0):
    - React-Core
  - RNCAsyncStorage (1.13.1):
    - React
  - RNCMaskedView (0.1.10):
    - React
  - RNDateTimePicker (3.0.9):
    - React-Core
  - RNGestureHandler (1.8.0):
    - React
  - RNLocalize (1.4.2):
    - React-Core
  - RNPermissions (2.2.2):
    - React-Core
  - RNReanimated (1.13.1):
    - React
  - RNScreens (2.11.0):
    - React
  - RNSVG (12.1.0):
    - React
  - RNVectorIcons (7.1.0):
    - React
  - Toast (4.0.0)
  - Yoga (1.14.0)

DEPENDENCIES:
  - BVLinearGradient (from `../node_modules/react-native-linear-gradient`)
  - DoubleConversion (from `../node_modules/react-native/third-party-podspecs/DoubleConversion.podspec`)
  - FBLazyVector (from `../node_modules/react-native/Libraries/FBLazyVector`)
  - FBReactNativeSpec (from `../node_modules/react-native/React/FBReactNativeSpec`)
  - GoogleMaps
  - Permission-Camera (from `../node_modules/react-native-permissions/ios/Camera.podspec`)
  - Permission-LocationAlways (from `../node_modules/react-native-permissions/ios/LocationAlways.podspec`)
  - Permission-LocationWhenInUse (from `../node_modules/react-native-permissions/ios/LocationWhenInUse.podspec`)
  - RCT-Folly (from `../node_modules/react-native/third-party-podspecs/RCT-Folly.podspec`)
  - RCTRequired (from `../node_modules/react-native/Libraries/RCTRequired`)
  - RCTTypeSafety (from `../node_modules/react-native/Libraries/TypeSafety`)
  - React (from `../node_modules/react-native/`)
  - React-callinvoker (from `../node_modules/react-native/ReactCommon/callinvoker`)
  - React-Core (from `../node_modules/react-native/`)
  - React-Core/DevSupport (from `../node_modules/react-native/`)
  - React-Core/RCTWebSocket (from `../node_modules/react-native/`)
  - React-CoreModules (from `../node_modules/react-native/React/CoreModules`)
  - React-cxxreact (from `../node_modules/react-native/ReactCommon/cxxreact`)
  - React-jsi (from `../node_modules/react-native/ReactCommon/jsi`)
  - React-jsiexecutor (from `../node_modules/react-native/ReactCommon/jsiexecutor`)
  - React-jsinspector (from `../node_modules/react-native/ReactCommon/jsinspector`)
  - react-native-background-timer (from `../node_modules/react-native-background-timer`)
  - react-native-camera/FaceDetectorMLKit (from `../node_modules/react-native-camera`)
  - react-native-geolocation-service (from `../node_modules/react-native-geolocation-service`)
  - react-native-google-maps (from `../node_modules/react-native-maps`)
  - react-native-maps (from `../node_modules/react-native-maps`)
  - "react-native-netinfo (from `../node_modules/@react-native-community/netinfo`)"
  - react-native-safe-area-context (from `../node_modules/react-native-safe-area-context`)
  - react-native-simple-toast (from `../node_modules/react-native-simple-toast`)
  - react-native-uuid-generator (from `../node_modules/react-native-uuid-generator`)
  - React-perflogger (from `../node_modules/react-native/ReactCommon/reactperflogger`)
  - React-RCTActionSheet (from `../node_modules/react-native/Libraries/ActionSheetIOS`)
  - React-RCTAnimation (from `../node_modules/react-native/Libraries/NativeAnimation`)
  - React-RCTBlob (from `../node_modules/react-native/Libraries/Blob`)
  - React-RCTImage (from `../node_modules/react-native/Libraries/Image`)
  - React-RCTLinking (from `../node_modules/react-native/Libraries/LinkingIOS`)
  - React-RCTNetwork (from `../node_modules/react-native/Libraries/Network`)
  - React-RCTSettings (from `../node_modules/react-native/Libraries/Settings`)
  - React-RCTText (from `../node_modules/react-native/Libraries/Text`)
  - React-RCTVibration (from `../node_modules/react-native/Libraries/Vibration`)
  - React-runtimeexecutor (from `../node_modules/react-native/ReactCommon/runtimeexecutor`)
  - ReactCommon/turbomodule/core (from `../node_modules/react-native/ReactCommon`)
  - ReactNativeExceptionHandler (from `../node_modules/react-native-exception-handler`)
  - rn-fetch-blob (from `../node_modules/rn-fetch-blob`)
  - "RNCAsyncStorage (from `../node_modules/@react-native-async-storage/async-storage`)"
  - "RNCMaskedView (from `../node_modules/@react-native-community/masked-view`)"
  - "RNDateTimePicker (from `../node_modules/@react-native-community/datetimepicker`)"
  - RNGestureHandler (from `../node_modules/react-native-gesture-handler`)
  - RNLocalize (from `../node_modules/react-native-localize`)
  - RNPermissions (from `../node_modules/react-native-permissions`)
  - RNReanimated (from `../node_modules/react-native-reanimated`)
  - RNScreens (from `../node_modules/react-native-screens`)
  - RNSVG (from `../node_modules/react-native-svg`)
  - RNVectorIcons (from `../node_modules/react-native-vector-icons`)
  - Yoga (from `../node_modules/react-native/ReactCommon/yoga`)

SPEC REPOS:
  trunk:
    - boost-for-react-native
    - Firebase
    - FirebaseCore
    - FirebaseCoreDiagnostics
    - FirebaseInstallations
    - FirebaseMLCommon
    - FirebaseMLVision
    - FirebaseMLVisionFaceModel
    - fmt
    - glog
    - Google-Maps-iOS-Utils
    - GoogleAPIClientForREST
    - GoogleDataTransport
    - GoogleMaps
    - GoogleToolboxForMac
    - GoogleUtilities
    - GTMSessionFetcher
    - nanopb
    - PromisesObjC
    - Protobuf
    - Toast

EXTERNAL SOURCES:
  BVLinearGradient:
    :path: "../node_modules/react-native-linear-gradient"
  DoubleConversion:
    :podspec: "../node_modules/react-native/third-party-podspecs/DoubleConversion.podspec"
  FBLazyVector:
    :path: "../node_modules/react-native/Libraries/FBLazyVector"
  FBReactNativeSpec:
    :path: "../node_modules/react-native/React/FBReactNativeSpec"
  Permission-Camera:
    :path: "../node_modules/react-native-permissions/ios/Camera.podspec"
  Permission-LocationAlways:
    :path: "../node_modules/react-native-permissions/ios/LocationAlways.podspec"
  Permission-LocationWhenInUse:
    :path: "../node_modules/react-native-permissions/ios/LocationWhenInUse.podspec"
  RCT-Folly:
    :podspec: "../node_modules/react-native/third-party-podspecs/RCT-Folly.podspec"
  RCTRequired:
    :path: "../node_modules/react-native/Libraries/RCTRequired"
  RCTTypeSafety:
    :path: "../node_modules/react-native/Libraries/TypeSafety"
  React:
    :path: "../node_modules/react-native/"
  React-callinvoker:
    :path: "../node_modules/react-native/ReactCommon/callinvoker"
  React-Core:
    :path: "../node_modules/react-native/"
  React-CoreModules:
    :path: "../node_modules/react-native/React/CoreModules"
  React-cxxreact:
    :path: "../node_modules/react-native/ReactCommon/cxxreact"
  React-jsi:
    :path: "../node_modules/react-native/ReactCommon/jsi"
  React-jsiexecutor:
    :path: "../node_modules/react-native/ReactCommon/jsiexecutor"
  React-jsinspector:
    :path: "../node_modules/react-native/ReactCommon/jsinspector"
  react-native-background-timer:
    :path: "../node_modules/react-native-background-timer"
  react-native-camera:
    :path: "../node_modules/react-native-camera"
  react-native-geolocation-service:
    :path: "../node_modules/react-native-geolocation-service"
  react-native-google-maps:
    :path: "../node_modules/react-native-maps"
  react-native-maps:
    :path: "../node_modules/react-native-maps"
  react-native-netinfo:
    :path: "../node_modules/@react-native-community/netinfo"
  react-native-safe-area-context:
    :path: "../node_modules/react-native-safe-area-context"
  react-native-simple-toast:
    :path: "../node_modules/react-native-simple-toast"
  react-native-uuid-generator:
    :path: "../node_modules/react-native-uuid-generator"
  React-perflogger:
    :path: "../node_modules/react-native/ReactCommon/reactperflogger"
  React-RCTActionSheet:
    :path: "../node_modules/react-native/Libraries/ActionSheetIOS"
  React-RCTAnimation:
    :path: "../node_modules/react-native/Libraries/NativeAnimation"
  React-RCTBlob:
    :path: "../node_modules/react-native/Libraries/Blob"
  React-RCTImage:
    :path: "../node_modules/react-native/Libraries/Image"
  React-RCTLinking:
    :path: "../node_modules/react-native/Libraries/LinkingIOS"
  React-RCTNetwork:
    :path: "../node_modules/react-native/Libraries/Network"
  React-RCTSettings:
    :path: "../node_modules/react-native/Libraries/Settings"
  React-RCTText:
    :path: "../node_modules/react-native/Libraries/Text"
  React-RCTVibration:
    :path: "../node_modules/react-native/Libraries/Vibration"
  React-runtimeexecutor:
    :path: "../node_modules/react-native/ReactCommon/runtimeexecutor"
  ReactCommon:
    :path: "../node_modules/react-native/ReactCommon"
  ReactNativeExceptionHandler:
    :path: "../node_modules/react-native-exception-handler"
  rn-fetch-blob:
    :path: "../node_modules/rn-fetch-blob"
  RNCAsyncStorage:
    :path: "../node_modules/@react-native-async-storage/async-storage"
  RNCMaskedView:
    :path: "../node_modules/@react-native-community/masked-view"
  RNDateTimePicker:
    :path: "../node_modules/@react-native-community/datetimepicker"
  RNGestureHandler:
    :path: "../node_modules/react-native-gesture-handler"
  RNLocalize:
    :path: "../node_modules/react-native-localize"
  RNPermissions:
    :path: "../node_modules/react-native-permissions"
  RNReanimated:
    :path: "../node_modules/react-native-reanimated"
  RNScreens:
    :path: "../node_modules/react-native-screens"
  RNSVG:
    :path: "../node_modules/react-native-svg"
  RNVectorIcons:
    :path: "../node_modules/react-native-vector-icons"
  Yoga:
    :path: "../node_modules/react-native/ReactCommon/yoga"

SPEC CHECKSUMS:
  boost-for-react-native: 39c7adb57c4e60d6c5479dd8623128eb5b3f0f2c
  BVLinearGradient: e3aad03778a456d77928f594a649e96995f1c872
  DoubleConversion: 831926d9b8bf8166fd87886c4abab286c2422662
  FBLazyVector: 33c82491102f20ecddb6c6a2c273696ace3191e0
  FBReactNativeSpec: df8f81d2a7541ee6755a047b398a5cb5a72acd0e
  Firebase: c23a36d9e4cdf7877dfcba8dd0c58add66358999
  FirebaseCore: d3a978a3cfa3240bf7e4ba7d137fdf5b22b628ec
  FirebaseCoreDiagnostics: 770ac5958e1372ce67959ae4b4f31d8e127c3ac1
  FirebaseInstallations: 466c7b4d1f58fe16707693091da253726a731ed2
  FirebaseMLCommon: f42d067ca7fed962e09f02ba94a24e06ee50d933
  FirebaseMLVision: fd7cdd33d067c976c16fd521e7e92c26c980c947
  FirebaseMLVisionFaceModel: a67b2bf9b8407127a0bdb0ba98eb265637d1dc9d
  fmt: ff9d55029c625d3757ed641535fd4a75fedc7ce9
  glog: 1de0bb937dccdc981596d3b5825ebfb765017ded
  Google-Maps-iOS-Utils: c32891ff472eaaa1fca032beedafa1a013af7875
  GoogleAPIClientForREST: 5183df28e7bcb7b7b41ebd558e16083cfed60d99
  GoogleDataTransport: f56af7caa4ed338dc8e138a5d7c5973e66440833
  GoogleMaps: 32ca02de09de357a10ac773f2c70f1986751392d
  GoogleToolboxForMac: 8bef7c7c5cf7291c687cf5354f39f9db6399ad34
  GoogleUtilities: 7f2f5a07f888cdb145101d6042bc4422f57e70b3
  GTMSessionFetcher: 43748f93435c2aa068b1cbe39655aaf600652e91
  nanopb: 59317e09cf1f1a0af72f12af412d54edf52603fc
  Permission-Camera: 5d2aaf95592660b6dcb5e8d1d90ed5d0156cad02
  Permission-LocationAlways: 700dfb730b07b24a84f8c173b93ad816d71d3dc8
  Permission-LocationWhenInUse: 871e81c06c1fc578353fce962d5d8e6efa697f1a
  PromisesObjC: 3113f7f76903778cf4a0586bd1ab89329a0b7b97
  Protobuf: 7327d4444215b5f18e560a97f879ff5503c4581c
  RCT-Folly: 0dd9e1eb86348ecab5ba76f910b56f4b5fef3c46
  RCTRequired: 6cf071ab2adfd769014b3d94373744ee6e789530
  RCTTypeSafety: b829c59453478bb5b02487b8de3336386ab93ab1
  React: 29d8a785041b96a2754c25cc16ddea57b7a618ce
  React-callinvoker: 2857b61132bd7878b736e282581f4b42fd93002b
  React-Core: 001e21bad5ca41e59e9d90df5c0b53da04c3ce8e
  React-CoreModules: 0a0410ab296a62ab38e2f8d321e822d1fcc2fe49
  React-cxxreact: 8d904967134ae8ff0119c5357c42eaae976806f8
  React-jsi: 12913c841713a15f64eabf5c9ad98592c0ec5940
  React-jsiexecutor: 43f2542aed3c26e42175b339f8d37fe3dd683765
  React-jsinspector: 41e58e5b8e3e0bf061fdf725b03f2144014a8fb0
  react-native-background-timer: 17ea5e06803401a379ebf1f20505b793ac44d0fe
  react-native-camera: 35854c4f764a4a6cf61c1c3525888b92f0fe4b31
  react-native-geolocation-service: 94c7d2ffdbbf4dd431241e0c8e37d491ebd41430
  react-native-google-maps: 0a989abda71059db2caa98b9dacca7a8f38a47d0
  react-native-maps: f4b89da81626ad7f151a8bfcb79733295d31ce5c
  react-native-netinfo: 250dc0ca126512f618a8a2ca6a936577e1f66586
  react-native-safe-area-context: 79fea126c6830c85f65947c223a5e3058a666937
  react-native-simple-toast: bf002828cf816775a6809f7a9ec3907509bce11f
  react-native-uuid-generator: 82ffa2a1cac94242ebed52c4dedc5044d3412717
  React-perflogger: fd28ee1f2b5b150b00043f0301d96bd417fdc339
  React-RCTActionSheet: 7f3fa0855c346aa5d7c60f9ced16e067db6d29fa
  React-RCTAnimation: 2119a18ee26159004b001bc56404ca5dbaae6077
  React-RCTBlob: a493cc306deeaba0c0efa8ecec2da154afd3a798
  React-RCTImage: 54999ddc896b7db6650af5760607aaebdf30425c
  React-RCTLinking: 7fb3fa6397d3700c69c3d361870a299f04f1a2e6
  React-RCTNetwork: 329ee4f75bd2deb8cf6c4b14231b5bb272cbd9af
  React-RCTSettings: 1a659d58e45719bc77c280dbebce6a5a5a2733f5
  React-RCTText: e12d7aae2a038be9ae72815436677a7c6549dd26
  React-RCTVibration: 92d41c2442e5328cc4d342cd7f78e5876b68bae5
  React-runtimeexecutor: 85187f19dd9c47a7c102f9994f9d14e4dc2110de
  ReactCommon: eafed38eec7b591c31751bfa7494801618460459
  ReactNativeExceptionHandler: 8025d98049c25f186835a3af732dd7c9974d6dce
  rn-fetch-blob: f065bb7ab7fb48dd002629f8bdcb0336602d3cba
  RNCAsyncStorage: 90b0a28b3f466894a397687a087bbb6d6852c8d6
  RNCMaskedView: 5a8ec07677aa885546a0d98da336457e2bea557f
  RNDateTimePicker: 8a51a2216c307769e69ef827293d59549ab1ca23
  RNGestureHandler: 7a5833d0f788dbd107fbb913e09aa0c1ff333c39
  RNLocalize: 452d4118e338dee1e5ca3fac4d5a11a4ab26a46a
  RNPermissions: 5df468064df661a4c8c017e2791ce90d7695eea5
  RNReanimated: dd8c286ab5dd4ba36d3a7fef8bff7e08711b5476
  RNScreens: 0e91da98ab26d5d04c7b59a9b6bd694124caf88c
  RNSVG: ce9d996113475209013317e48b05c21ee988d42e
  RNVectorIcons: bc69e6a278b14842063605de32bec61f0b251a59
  Toast: 91b396c56ee72a5790816f40d3a94dd357abc196
  Yoga: aa0cb45287ebe1004c02a13f279c55a95f1572f4

PODFILE CHECKSUM: 8563e9d4abc74613bcfb6274ba8f7a0a189fa6e7

COCOAPODS: 1.10.2
